
Microsoft Visual Studio Solution File, Format Version 12.00
# Visual Studio Version 16
VisualStudioVersion = 16.0.31729.503
MinimumVisualStudioVersion = 10.0.40219.1
Project("{FAE04EC0-301F-11D3-BF4B-00C04F79EFBC}") = "PureVPN.Entity", "PureVPN.Entity\PureVPN.Entity.csproj", "{2E8D7050-34AD-4FA4-AC2C-652BFDF20858}"
EndProject
Project("{FAE04EC0-301F-11D3-BF4B-00C04F79EFBC}") = "PureVPN.Service", "PureVPN.Service\PureVPN.Service.csproj", "{4374DCB0-7F69-4557-AFDD-2D37DD467E97}"
EndProject
Project("{FAE04EC0-301F-11D3-BF4B-00C04F79EFBC}") = "PureVPN.Repository", "PureVPN.Repository\PureVPN.Repository.csproj", "{F22B04FE-2A3B-4B43-80D6-0E0BA1F175E3}"
EndProject
Project("{FAE04EC0-301F-11D3-BF4B-00C04F79EFBC}") = "PureVPN.App", "PureVPN.App\PureVPN.App.csproj", "{ECA4AA00-5DF8-40E6-8C71-1B5BB80E0484}"
EndProject
Project("{FAE04EC0-301F-11D3-BF4B-00C04F79EFBC}") = "PureVPN.Infrastructure", "PureVPN.Infrastructure\PureVPN.Infrastructure.csproj", "{DCF69B57-5C62-4AF9-995A-6A6F8727D3B8}"
EndProject
Project("{FAE04EC0-301F-11D3-BF4B-00C04F79EFBC}") = "PureVPN.UnitTest", "PureVPN.UnitTest\PureVPN.UnitTest.csproj", "{D9C2DBCB-F005-47DA-B131-0354BE9292DB}"
EndProject
Project("{2150E333-8FDC-42A3-9474-1A3956D46DE8}") = "SolutionItems", "SolutionItems", "{9C314446-C408-4977-9EEC-55ACBD1BBFDE}"
	ProjectSection(SolutionItems) = preProject
		SolutionItems\Mixpanel.dll = SolutionItems\Mixpanel.dll
		SolutionItems\Mixpanel.pdb = SolutionItems\Mixpanel.pdb
	EndProjectSection
EndProject
Project("{FAE04EC0-301F-11D3-BF4B-00C04F79EFBC}") = "PureVPN.Updater", "PureVPN.Updater\PureVPN.Updater.csproj", "{7467B8EE-6C8B-4AFD-B76A-B2FBA6D9A8B4}"
EndProject
Project("{930C7802-8A8C-48F9-8165-68863BCCD9DD}") = "PureVPN.WixBootstrapper", "PureVPN.WixBootstrapper\PureVPN.WixBootstrapper.wixproj", "{58D4050F-89C7-49A0-93F6-3EA1BB604F6F}"
EndProject
Project("{FAE04EC0-301F-11D3-BF4B-00C04F79EFBC}") = "PureVPN.Uninstaller", "PureVPN.Uninstaller\PureVPN.Uninstaller.csproj", "{C8A26449-2487-4F7C-A43B-DC623B9EE489}"
EndProject
Project("{FAE04EC0-301F-11D3-BF4B-00C04F79EFBC}") = "PureVPN.Installer", "PureVPN.Installer\PureVPN.Installer.csproj", "{77127488-4F37-49B5-BB63-4E18A8DD1B0D}"
EndProject
Project("{FAE04EC0-301F-11D3-BF4B-00C04F79EFBC}") = "PureVPN.SetupSigner", "PureVPN.SetupSigner\PureVPN.SetupSigner.csproj", "{1CE07A1F-84A0-4C36-A2EC-6D6B7E23D7B5}"
EndProject
Project("{FAE04EC0-301F-11D3-BF4B-00C04F79EFBC}") = "PureVPN.Descifrar", "PureVPN.Descifrar\PureVPN.Descifrar.csproj", "{666ACD94-64A8-44B8-96DB-8B2E4AAE64F2}"
EndProject
Project("{FAE04EC0-301F-11D3-BF4B-00C04F79EFBC}") = "PureVPN.Realtime.Repository", "PureVPN.Realtime.Repository\PureVPN.Realtime.Repository.csproj", "{51FFB60F-19BD-41A8-9903-FCF5F8FB15AC}"
EndProject
Project("{FAE04EC0-301F-11D3-BF4B-00C04F79EFBC}") = "NotificationCenter", "NotificationCenter\NotificationCenter\NotificationCenter\NotificationCenter.csproj", "{24BCBB14-5893-46FE-931C-A8E421A8A22D}"
EndProject
Project("{FAE04EC0-301F-11D3-BF4B-00C04F79EFBC}") = "NotificationCenter.Infrastructure", "NotificationCenter\NotificationCenter\NotificationCenter.Infrastructure\NotificationCenter.Infrastructure.csproj", "{82FA4F28-133E-45E2-B118-4E4804C5D7B9}"
EndProject
Project("{FAE04EC0-301F-11D3-BF4B-00C04F79EFBC}") = "NotificationCenter.Builders", "NotificationCenter\NotificationCenter\NotificationCenter.Builders\NotificationCenter.Builders.csproj", "{73802546-97CD-492D-875E-18AB50D1DF72}"
EndProject
Project("{FAE04EC0-301F-11D3-BF4B-00C04F79EFBC}") = "NotificationCenter.UnitTests", "NotificationCenter\NotificationCenter\NotificationCenter.UnitTests\NotificationCenter.UnitTests.csproj", "{B963C433-6B1E-42D7-BFFE-202EDFEFC6AC}"
EndProject
Project("{FAE04EC0-301F-11D3-BF4B-00C04F79EFBC}") = "NotificationCenter.Controls", "NotificationCenter\NotificationCenter\NotificationCenter.Controls\NotificationCenter.Controls.csproj", "{3C96473C-5833-4C56-852F-63E2B86FBD3F}"
EndProject
Project("{FAE04EC0-301F-11D3-BF4B-00C04F79EFBC}") = "NotificationCenter.Repositories", "NotificationCenter\NotificationCenter\NotificationCenter.Repositories\NotificationCenter.Repositories.csproj", "{59243567-F5E5-48F3-8565-E65F2CD322FA}"
EndProject
Project("{FAE04EC0-301F-11D3-BF4B-00C04F79EFBC}") = "PureVPN.Core", "auth\PureVPN.Core\PureVPN.Core.csproj", "{7455BDCD-0695-4F3D-8A41-4865E90530CF}"
EndProject
Project("{FAE04EC0-301F-11D3-BF4B-00C04F79EFBC}") = "PureVPN.Launcher", "PureVPN.Launcher\PureVPN.Launcher.csproj", "{DCAA9DCE-B703-4A4D-8C0B-E64EB3D7B00A}"
EndProject
Project("{FAE04EC0-301F-11D3-BF4B-00C04F79EFBC}") = "PureVPN.ThirdPartyInstallerLauncher", "PureVPN.ThirdPartyInstallerLauncher\PureVPN.ThirdPartyInstallerLauncher.csproj", "{DC26A568-2926-4FD8-A439-A6FC8083F98B}"
EndProject
Project("{FAE04EC0-301F-11D3-BF4B-00C04F79EFBC}") = "PureVPN.SpeedTest", "PureVPN.SpeedTest\PureVPN.SpeedTest.csproj", "{B509B659-F44E-44AD-8731-9A1125E8A2E7}"
EndProject
Global
	GlobalSection(SolutionConfigurationPlatforms) = preSolution
		Debug|Any CPU = Debug|Any CPU
		Debug|x86 = Debug|x86
		Release|Any CPU = Release|Any CPU
		Release|x86 = Release|x86
		WIN8|Any CPU = WIN8|Any CPU
		WIN8|x86 = WIN8|x86
		x64|Any CPU = x64|Any CPU
		x64|x86 = x64|x86
	EndGlobalSection
	GlobalSection(ProjectConfigurationPlatforms) = postSolution
		{2E8D7050-34AD-4FA4-AC2C-652BFDF20858}.Debug|Any CPU.ActiveCfg = Debug|Any CPU
		{2E8D7050-34AD-4FA4-AC2C-652BFDF20858}.Debug|Any CPU.Build.0 = Debug|Any CPU
		{2E8D7050-34AD-4FA4-AC2C-652BFDF20858}.Debug|x86.ActiveCfg = Debug|Any CPU
		{2E8D7050-34AD-4FA4-AC2C-652BFDF20858}.Debug|x86.Build.0 = Debug|Any CPU
		{2E8D7050-34AD-4FA4-AC2C-652BFDF20858}.Release|Any CPU.ActiveCfg = Release|Any CPU
		{2E8D7050-34AD-4FA4-AC2C-652BFDF20858}.Release|Any CPU.Build.0 = Release|Any CPU
		{2E8D7050-34AD-4FA4-AC2C-652BFDF20858}.Release|x86.ActiveCfg = Release|Any CPU
		{2E8D7050-34AD-4FA4-AC2C-652BFDF20858}.Release|x86.Build.0 = Release|Any CPU
		{2E8D7050-34AD-4FA4-AC2C-652BFDF20858}.WIN8|Any CPU.ActiveCfg = Release|Any CPU
		{2E8D7050-34AD-4FA4-AC2C-652BFDF20858}.WIN8|Any CPU.Build.0 = Release|Any CPU
		{2E8D7050-34AD-4FA4-AC2C-652BFDF20858}.WIN8|x86.ActiveCfg = Release|Any CPU
		{2E8D7050-34AD-4FA4-AC2C-652BFDF20858}.WIN8|x86.Build.0 = Release|Any CPU
		{2E8D7050-34AD-4FA4-AC2C-652BFDF20858}.x64|Any CPU.ActiveCfg = Release|Any CPU
		{2E8D7050-34AD-4FA4-AC2C-652BFDF20858}.x64|Any CPU.Build.0 = Release|Any CPU
		{2E8D7050-34AD-4FA4-AC2C-652BFDF20858}.x64|x86.ActiveCfg = Release|Any CPU
		{2E8D7050-34AD-4FA4-AC2C-652BFDF20858}.x64|x86.Build.0 = Release|Any CPU
		{4374DCB0-7F69-4557-AFDD-2D37DD467E97}.Debug|Any CPU.ActiveCfg = Debug|Any CPU
		{4374DCB0-7F69-4557-AFDD-2D37DD467E97}.Debug|Any CPU.Build.0 = Debug|Any CPU
		{4374DCB0-7F69-4557-AFDD-2D37DD467E97}.Debug|x86.ActiveCfg = Debug|Any CPU
		{4374DCB0-7F69-4557-AFDD-2D37DD467E97}.Debug|x86.Build.0 = Debug|Any CPU
		{4374DCB0-7F69-4557-AFDD-2D37DD467E97}.Release|Any CPU.ActiveCfg = Release|Any CPU
		{4374DCB0-7F69-4557-AFDD-2D37DD467E97}.Release|Any CPU.Build.0 = Release|Any CPU
		{4374DCB0-7F69-4557-AFDD-2D37DD467E97}.Release|x86.ActiveCfg = Release|Any CPU
		{4374DCB0-7F69-4557-AFDD-2D37DD467E97}.Release|x86.Build.0 = Release|Any CPU
		{4374DCB0-7F69-4557-AFDD-2D37DD467E97}.WIN8|Any CPU.ActiveCfg = Release|Any CPU
		{4374DCB0-7F69-4557-AFDD-2D37DD467E97}.WIN8|Any CPU.Build.0 = Release|Any CPU
		{4374DCB0-7F69-4557-AFDD-2D37DD467E97}.WIN8|x86.ActiveCfg = Release|Any CPU
		{4374DCB0-7F69-4557-AFDD-2D37DD467E97}.WIN8|x86.Build.0 = Release|Any CPU
		{4374DCB0-7F69-4557-AFDD-2D37DD467E97}.x64|Any CPU.ActiveCfg = Release|Any CPU
		{4374DCB0-7F69-4557-AFDD-2D37DD467E97}.x64|Any CPU.Build.0 = Release|Any CPU
		{4374DCB0-7F69-4557-AFDD-2D37DD467E97}.x64|x86.ActiveCfg = Release|Any CPU
		{4374DCB0-7F69-4557-AFDD-2D37DD467E97}.x64|x86.Build.0 = Release|Any CPU
		{F22B04FE-2A3B-4B43-80D6-0E0BA1F175E3}.Debug|Any CPU.ActiveCfg = Debug|Any CPU
		{F22B04FE-2A3B-4B43-80D6-0E0BA1F175E3}.Debug|Any CPU.Build.0 = Debug|Any CPU
		{F22B04FE-2A3B-4B43-80D6-0E0BA1F175E3}.Debug|x86.ActiveCfg = Debug|Any CPU
		{F22B04FE-2A3B-4B43-80D6-0E0BA1F175E3}.Debug|x86.Build.0 = Debug|Any CPU
		{F22B04FE-2A3B-4B43-80D6-0E0BA1F175E3}.Release|Any CPU.ActiveCfg = Release|Any CPU
		{F22B04FE-2A3B-4B43-80D6-0E0BA1F175E3}.Release|Any CPU.Build.0 = Release|Any CPU
		{F22B04FE-2A3B-4B43-80D6-0E0BA1F175E3}.Release|x86.ActiveCfg = Release|Any CPU
		{F22B04FE-2A3B-4B43-80D6-0E0BA1F175E3}.Release|x86.Build.0 = Release|Any CPU
		{F22B04FE-2A3B-4B43-80D6-0E0BA1F175E3}.WIN8|Any CPU.ActiveCfg = Release|Any CPU
		{F22B04FE-2A3B-4B43-80D6-0E0BA1F175E3}.WIN8|Any CPU.Build.0 = Release|Any CPU
		{F22B04FE-2A3B-4B43-80D6-0E0BA1F175E3}.WIN8|x86.ActiveCfg = Release|Any CPU
		{F22B04FE-2A3B-4B43-80D6-0E0BA1F175E3}.WIN8|x86.Build.0 = Release|Any CPU
		{F22B04FE-2A3B-4B43-80D6-0E0BA1F175E3}.x64|Any CPU.ActiveCfg = Release|Any CPU
		{F22B04FE-2A3B-4B43-80D6-0E0BA1F175E3}.x64|Any CPU.Build.0 = Release|Any CPU
		{F22B04FE-2A3B-4B43-80D6-0E0BA1F175E3}.x64|x86.ActiveCfg = Release|Any CPU
		{F22B04FE-2A3B-4B43-80D6-0E0BA1F175E3}.x64|x86.Build.0 = Release|Any CPU
		{ECA4AA00-5DF8-40E6-8C71-1B5BB80E0484}.Debug|Any CPU.ActiveCfg = Debug|Any CPU
		{ECA4AA00-5DF8-40E6-8C71-1B5BB80E0484}.Debug|Any CPU.Build.0 = Debug|Any CPU
		{ECA4AA00-5DF8-40E6-8C71-1B5BB80E0484}.Debug|x86.ActiveCfg = Debug|Any CPU
		{ECA4AA00-5DF8-40E6-8C71-1B5BB80E0484}.Debug|x86.Build.0 = Debug|Any CPU
		{ECA4AA00-5DF8-40E6-8C71-1B5BB80E0484}.Release|Any CPU.ActiveCfg = Release|Any CPU
		{ECA4AA00-5DF8-40E6-8C71-1B5BB80E0484}.Release|Any CPU.Build.0 = Release|Any CPU
		{ECA4AA00-5DF8-40E6-8C71-1B5BB80E0484}.Release|x86.ActiveCfg = Release|Any CPU
		{ECA4AA00-5DF8-40E6-8C71-1B5BB80E0484}.Release|x86.Build.0 = Release|Any CPU
		{ECA4AA00-5DF8-40E6-8C71-1B5BB80E0484}.WIN8|Any CPU.ActiveCfg = Release|Any CPU
		{ECA4AA00-5DF8-40E6-8C71-1B5BB80E0484}.WIN8|Any CPU.Build.0 = Release|Any CPU
		{ECA4AA00-5DF8-40E6-8C71-1B5BB80E0484}.WIN8|x86.ActiveCfg = Release|Any CPU
		{ECA4AA00-5DF8-40E6-8C71-1B5BB80E0484}.WIN8|x86.Build.0 = Release|Any CPU
		{ECA4AA00-5DF8-40E6-8C71-1B5BB80E0484}.x64|Any CPU.ActiveCfg = Release|Any CPU
		{ECA4AA00-5DF8-40E6-8C71-1B5BB80E0484}.x64|Any CPU.Build.0 = Release|Any CPU
		{ECA4AA00-5DF8-40E6-8C71-1B5BB80E0484}.x64|x86.ActiveCfg = Release|Any CPU
		{ECA4AA00-5DF8-40E6-8C71-1B5BB80E0484}.x64|x86.Build.0 = Release|Any CPU
		{DCF69B57-5C62-4AF9-995A-6A6F8727D3B8}.Debug|Any CPU.ActiveCfg = Debug|Any CPU
		{DCF69B57-5C62-4AF9-995A-6A6F8727D3B8}.Debug|Any CPU.Build.0 = Debug|Any CPU
		{DCF69B57-5C62-4AF9-995A-6A6F8727D3B8}.Debug|x86.ActiveCfg = Debug|Any CPU
		{DCF69B57-5C62-4AF9-995A-6A6F8727D3B8}.Debug|x86.Build.0 = Debug|Any CPU
		{DCF69B57-5C62-4AF9-995A-6A6F8727D3B8}.Release|Any CPU.ActiveCfg = Release|Any CPU
		{DCF69B57-5C62-4AF9-995A-6A6F8727D3B8}.Release|Any CPU.Build.0 = Release|Any CPU
		{DCF69B57-5C62-4AF9-995A-6A6F8727D3B8}.Release|x86.ActiveCfg = Release|Any CPU
		{DCF69B57-5C62-4AF9-995A-6A6F8727D3B8}.Release|x86.Build.0 = Release|Any CPU
		{DCF69B57-5C62-4AF9-995A-6A6F8727D3B8}.WIN8|Any CPU.ActiveCfg = Release|Any CPU
		{DCF69B57-5C62-4AF9-995A-6A6F8727D3B8}.WIN8|Any CPU.Build.0 = Release|Any CPU
		{DCF69B57-5C62-4AF9-995A-6A6F8727D3B8}.WIN8|x86.ActiveCfg = Release|Any CPU
		{DCF69B57-5C62-4AF9-995A-6A6F8727D3B8}.WIN8|x86.Build.0 = Release|Any CPU
		{DCF69B57-5C62-4AF9-995A-6A6F8727D3B8}.x64|Any CPU.ActiveCfg = Release|Any CPU
		{DCF69B57-5C62-4AF9-995A-6A6F8727D3B8}.x64|Any CPU.Build.0 = Release|Any CPU
		{DCF69B57-5C62-4AF9-995A-6A6F8727D3B8}.x64|x86.ActiveCfg = Release|Any CPU
		{DCF69B57-5C62-4AF9-995A-6A6F8727D3B8}.x64|x86.Build.0 = Release|Any CPU
		{D9C2DBCB-F005-47DA-B131-0354BE9292DB}.Debug|Any CPU.ActiveCfg = Debug|Any CPU
		{D9C2DBCB-F005-47DA-B131-0354BE9292DB}.Debug|Any CPU.Build.0 = Debug|Any CPU
		{D9C2DBCB-F005-47DA-B131-0354BE9292DB}.Debug|x86.ActiveCfg = Debug|Any CPU
		{D9C2DBCB-F005-47DA-B131-0354BE9292DB}.Debug|x86.Build.0 = Debug|Any CPU
		{D9C2DBCB-F005-47DA-B131-0354BE9292DB}.Release|Any CPU.ActiveCfg = Release|Any CPU
		{D9C2DBCB-F005-47DA-B131-0354BE9292DB}.Release|Any CPU.Build.0 = Release|Any CPU
		{D9C2DBCB-F005-47DA-B131-0354BE9292DB}.Release|x86.ActiveCfg = Release|Any CPU
		{D9C2DBCB-F005-47DA-B131-0354BE9292DB}.Release|x86.Build.0 = Release|Any CPU
		{D9C2DBCB-F005-47DA-B131-0354BE9292DB}.WIN8|Any CPU.ActiveCfg = Release|Any CPU
		{D9C2DBCB-F005-47DA-B131-0354BE9292DB}.WIN8|Any CPU.Build.0 = Release|Any CPU
		{D9C2DBCB-F005-47DA-B131-0354BE9292DB}.WIN8|x86.ActiveCfg = Release|Any CPU
		{D9C2DBCB-F005-47DA-B131-0354BE9292DB}.WIN8|x86.Build.0 = Release|Any CPU
		{D9C2DBCB-F005-47DA-B131-0354BE9292DB}.x64|Any CPU.ActiveCfg = Release|Any CPU
		{D9C2DBCB-F005-47DA-B131-0354BE9292DB}.x64|Any CPU.Build.0 = Release|Any CPU
		{D9C2DBCB-F005-47DA-B131-0354BE9292DB}.x64|x86.ActiveCfg = Release|Any CPU
		{D9C2DBCB-F005-47DA-B131-0354BE9292DB}.x64|x86.Build.0 = Release|Any CPU
		{7467B8EE-6C8B-4AFD-B76A-B2FBA6D9A8B4}.Debug|Any CPU.ActiveCfg = Debug|Any CPU
		{7467B8EE-6C8B-4AFD-B76A-B2FBA6D9A8B4}.Debug|Any CPU.Build.0 = Debug|Any CPU
		{7467B8EE-6C8B-4AFD-B76A-B2FBA6D9A8B4}.Debug|x86.ActiveCfg = Debug|Any CPU
		{7467B8EE-6C8B-4AFD-B76A-B2FBA6D9A8B4}.Debug|x86.Build.0 = Debug|Any CPU
		{7467B8EE-6C8B-4AFD-B76A-B2FBA6D9A8B4}.Release|Any CPU.ActiveCfg = Release|Any CPU
		{7467B8EE-6C8B-4AFD-B76A-B2FBA6D9A8B4}.Release|Any CPU.Build.0 = Release|Any CPU
		{7467B8EE-6C8B-4AFD-B76A-B2FBA6D9A8B4}.Release|x86.ActiveCfg = Release|Any CPU
		{7467B8EE-6C8B-4AFD-B76A-B2FBA6D9A8B4}.Release|x86.Build.0 = Release|Any CPU
		{7467B8EE-6C8B-4AFD-B76A-B2FBA6D9A8B4}.WIN8|Any CPU.ActiveCfg = WIN8|Any CPU
		{7467B8EE-6C8B-4AFD-B76A-B2FBA6D9A8B4}.WIN8|Any CPU.Build.0 = WIN8|Any CPU
		{7467B8EE-6C8B-4AFD-B76A-B2FBA6D9A8B4}.WIN8|x86.ActiveCfg = WIN8|Any CPU
		{7467B8EE-6C8B-4AFD-B76A-B2FBA6D9A8B4}.WIN8|x86.Build.0 = WIN8|Any CPU
		{7467B8EE-6C8B-4AFD-B76A-B2FBA6D9A8B4}.x64|Any CPU.ActiveCfg = x64|Any CPU
		{7467B8EE-6C8B-4AFD-B76A-B2FBA6D9A8B4}.x64|Any CPU.Build.0 = x64|Any CPU
		{7467B8EE-6C8B-4AFD-B76A-B2FBA6D9A8B4}.x64|x86.ActiveCfg = x64|Any CPU
		{7467B8EE-6C8B-4AFD-B76A-B2FBA6D9A8B4}.x64|x86.Build.0 = x64|Any CPU
		{58D4050F-89C7-49A0-93F6-3EA1BB604F6F}.Debug|Any CPU.ActiveCfg = Debug|x86
		{58D4050F-89C7-49A0-93F6-3EA1BB604F6F}.Debug|x86.ActiveCfg = Debug|x86
		{58D4050F-89C7-49A0-93F6-3EA1BB604F6F}.Debug|x86.Build.0 = Debug|x86
		{58D4050F-89C7-49A0-93F6-3EA1BB604F6F}.Release|Any CPU.ActiveCfg = Release|x86
		{58D4050F-89C7-49A0-93F6-3EA1BB604F6F}.Release|x86.ActiveCfg = Release|x86
		{58D4050F-89C7-49A0-93F6-3EA1BB604F6F}.Release|x86.Build.0 = Release|x86
		{58D4050F-89C7-49A0-93F6-3EA1BB604F6F}.WIN8|Any CPU.ActiveCfg = Release|x86
		{58D4050F-89C7-49A0-93F6-3EA1BB604F6F}.WIN8|Any CPU.Build.0 = Release|x86
		{58D4050F-89C7-49A0-93F6-3EA1BB604F6F}.WIN8|x86.ActiveCfg = Release|x86
		{58D4050F-89C7-49A0-93F6-3EA1BB604F6F}.WIN8|x86.Build.0 = Release|x86
		{58D4050F-89C7-49A0-93F6-3EA1BB604F6F}.x64|Any CPU.ActiveCfg = Release|x86
		{58D4050F-89C7-49A0-93F6-3EA1BB604F6F}.x64|Any CPU.Build.0 = Release|x86
		{58D4050F-89C7-49A0-93F6-3EA1BB604F6F}.x64|x86.ActiveCfg = Release|x86
		{58D4050F-89C7-49A0-93F6-3EA1BB604F6F}.x64|x86.Build.0 = Release|x86
		{C8A26449-2487-4F7C-A43B-DC623B9EE489}.Debug|Any CPU.ActiveCfg = Debug|Any CPU
		{C8A26449-2487-4F7C-A43B-DC623B9EE489}.Debug|Any CPU.Build.0 = Debug|Any CPU
		{C8A26449-2487-4F7C-A43B-DC623B9EE489}.Debug|x86.ActiveCfg = Debug|x86
		{C8A26449-2487-4F7C-A43B-DC623B9EE489}.Debug|x86.Build.0 = Debug|x86
		{C8A26449-2487-4F7C-A43B-DC623B9EE489}.Release|Any CPU.ActiveCfg = Release|Any CPU
		{C8A26449-2487-4F7C-A43B-DC623B9EE489}.Release|Any CPU.Build.0 = Release|Any CPU
		{C8A26449-2487-4F7C-A43B-DC623B9EE489}.Release|x86.ActiveCfg = Release|x86
		{C8A26449-2487-4F7C-A43B-DC623B9EE489}.Release|x86.Build.0 = Release|x86
		{C8A26449-2487-4F7C-A43B-DC623B9EE489}.WIN8|Any CPU.ActiveCfg = Release|Any CPU
		{C8A26449-2487-4F7C-A43B-DC623B9EE489}.WIN8|Any CPU.Build.0 = Release|Any CPU
		{C8A26449-2487-4F7C-A43B-DC623B9EE489}.WIN8|x86.ActiveCfg = Release|x86
		{C8A26449-2487-4F7C-A43B-DC623B9EE489}.WIN8|x86.Build.0 = Release|x86
		{C8A26449-2487-4F7C-A43B-DC623B9EE489}.x64|Any CPU.ActiveCfg = Release|Any CPU
		{C8A26449-2487-4F7C-A43B-DC623B9EE489}.x64|Any CPU.Build.0 = Release|Any CPU
		{C8A26449-2487-4F7C-A43B-DC623B9EE489}.x64|x86.ActiveCfg = Release|x86
		{C8A26449-2487-4F7C-A43B-DC623B9EE489}.x64|x86.Build.0 = Release|x86
		{77127488-4F37-49B5-BB63-4E18A8DD1B0D}.Debug|Any CPU.ActiveCfg = Debug|Any CPU
		{77127488-4F37-49B5-BB63-4E18A8DD1B0D}.Debug|Any CPU.Build.0 = Debug|Any CPU
		{77127488-4F37-49B5-BB63-4E18A8DD1B0D}.Debug|x86.ActiveCfg = Debug|x86
		{77127488-4F37-49B5-BB63-4E18A8DD1B0D}.Debug|x86.Build.0 = Debug|x86
		{77127488-4F37-49B5-BB63-4E18A8DD1B0D}.Release|Any CPU.ActiveCfg = Release|Any CPU
		{77127488-4F37-49B5-BB63-4E18A8DD1B0D}.Release|Any CPU.Build.0 = Release|Any CPU
		{77127488-4F37-49B5-BB63-4E18A8DD1B0D}.Release|x86.ActiveCfg = Release|x86
		{77127488-4F37-49B5-BB63-4E18A8DD1B0D}.Release|x86.Build.0 = Release|x86
		{77127488-4F37-49B5-BB63-4E18A8DD1B0D}.WIN8|Any CPU.ActiveCfg = Release|Any CPU
		{77127488-4F37-49B5-BB63-4E18A8DD1B0D}.WIN8|Any CPU.Build.0 = Release|Any CPU
		{77127488-4F37-49B5-BB63-4E18A8DD1B0D}.WIN8|x86.ActiveCfg = Release|x86
		{77127488-4F37-49B5-BB63-4E18A8DD1B0D}.WIN8|x86.Build.0 = Release|x86
		{77127488-4F37-49B5-BB63-4E18A8DD1B0D}.x64|Any CPU.ActiveCfg = Release|Any CPU
		{77127488-4F37-49B5-BB63-4E18A8DD1B0D}.x64|Any CPU.Build.0 = Release|Any CPU
		{77127488-4F37-49B5-BB63-4E18A8DD1B0D}.x64|x86.ActiveCfg = Release|x86
		{77127488-4F37-49B5-BB63-4E18A8DD1B0D}.x64|x86.Build.0 = Release|x86
		{1CE07A1F-84A0-4C36-A2EC-6D6B7E23D7B5}.Debug|Any CPU.ActiveCfg = Debug|Any CPU
		{1CE07A1F-84A0-4C36-A2EC-6D6B7E23D7B5}.Debug|Any CPU.Build.0 = Debug|Any CPU
		{1CE07A1F-84A0-4C36-A2EC-6D6B7E23D7B5}.Debug|x86.ActiveCfg = Debug|Any CPU
		{1CE07A1F-84A0-4C36-A2EC-6D6B7E23D7B5}.Debug|x86.Build.0 = Debug|Any CPU
		{1CE07A1F-84A0-4C36-A2EC-6D6B7E23D7B5}.Release|Any CPU.ActiveCfg = Release|Any CPU
		{1CE07A1F-84A0-4C36-A2EC-6D6B7E23D7B5}.Release|Any CPU.Build.0 = Release|Any CPU
		{1CE07A1F-84A0-4C36-A2EC-6D6B7E23D7B5}.Release|x86.ActiveCfg = Release|Any CPU
		{1CE07A1F-84A0-4C36-A2EC-6D6B7E23D7B5}.Release|x86.Build.0 = Release|Any CPU
		{1CE07A1F-84A0-4C36-A2EC-6D6B7E23D7B5}.WIN8|Any CPU.ActiveCfg = Release|Any CPU
		{1CE07A1F-84A0-4C36-A2EC-6D6B7E23D7B5}.WIN8|Any CPU.Build.0 = Release|Any CPU
		{1CE07A1F-84A0-4C36-A2EC-6D6B7E23D7B5}.WIN8|x86.ActiveCfg = Release|Any CPU
		{1CE07A1F-84A0-4C36-A2EC-6D6B7E23D7B5}.WIN8|x86.Build.0 = Release|Any CPU
		{1CE07A1F-84A0-4C36-A2EC-6D6B7E23D7B5}.x64|Any CPU.ActiveCfg = Release|Any CPU
		{1CE07A1F-84A0-4C36-A2EC-6D6B7E23D7B5}.x64|Any CPU.Build.0 = Release|Any CPU
		{1CE07A1F-84A0-4C36-A2EC-6D6B7E23D7B5}.x64|x86.ActiveCfg = Release|Any CPU
		{1CE07A1F-84A0-4C36-A2EC-6D6B7E23D7B5}.x64|x86.Build.0 = Release|Any CPU
		{666ACD94-64A8-44B8-96DB-8B2E4AAE64F2}.Debug|Any CPU.ActiveCfg = Debug|Any CPU
		{666ACD94-64A8-44B8-96DB-8B2E4AAE64F2}.Debug|Any CPU.Build.0 = Debug|Any CPU
		{666ACD94-64A8-44B8-96DB-8B2E4AAE64F2}.Debug|x86.ActiveCfg = Debug|Any CPU
		{666ACD94-64A8-44B8-96DB-8B2E4AAE64F2}.Debug|x86.Build.0 = Debug|Any CPU
		{666ACD94-64A8-44B8-96DB-8B2E4AAE64F2}.Release|Any CPU.ActiveCfg = Release|Any CPU
		{666ACD94-64A8-44B8-96DB-8B2E4AAE64F2}.Release|Any CPU.Build.0 = Release|Any CPU
		{666ACD94-64A8-44B8-96DB-8B2E4AAE64F2}.Release|x86.ActiveCfg = Release|Any CPU
		{666ACD94-64A8-44B8-96DB-8B2E4AAE64F2}.Release|x86.Build.0 = Release|Any CPU
		{666ACD94-64A8-44B8-96DB-8B2E4AAE64F2}.WIN8|Any CPU.ActiveCfg = Release|Any CPU
		{666ACD94-64A8-44B8-96DB-8B2E4AAE64F2}.WIN8|Any CPU.Build.0 = Release|Any CPU
		{666ACD94-64A8-44B8-96DB-8B2E4AAE64F2}.WIN8|x86.ActiveCfg = Release|Any CPU
		{666ACD94-64A8-44B8-96DB-8B2E4AAE64F2}.WIN8|x86.Build.0 = Release|Any CPU
		{666ACD94-64A8-44B8-96DB-8B2E4AAE64F2}.x64|Any CPU.ActiveCfg = Release|Any CPU
		{666ACD94-64A8-44B8-96DB-8B2E4AAE64F2}.x64|Any CPU.Build.0 = Release|Any CPU
		{666ACD94-64A8-44B8-96DB-8B2E4AAE64F2}.x64|x86.ActiveCfg = Release|Any CPU
		{666ACD94-64A8-44B8-96DB-8B2E4AAE64F2}.x64|x86.Build.0 = Release|Any CPU
		{51FFB60F-19BD-41A8-9903-FCF5F8FB15AC}.Debug|Any CPU.ActiveCfg = Debug|Any CPU
		{51FFB60F-19BD-41A8-9903-FCF5F8FB15AC}.Debug|Any CPU.Build.0 = Debug|Any CPU
		{51FFB60F-19BD-41A8-9903-FCF5F8FB15AC}.Debug|x86.ActiveCfg = Debug|Any CPU
		{51FFB60F-19BD-41A8-9903-FCF5F8FB15AC}.Debug|x86.Build.0 = Debug|Any CPU
		{51FFB60F-19BD-41A8-9903-FCF5F8FB15AC}.Release|Any CPU.ActiveCfg = Release|Any CPU
		{51FFB60F-19BD-41A8-9903-FCF5F8FB15AC}.Release|Any CPU.Build.0 = Release|Any CPU
		{51FFB60F-19BD-41A8-9903-FCF5F8FB15AC}.Release|x86.ActiveCfg = Release|Any CPU
		{51FFB60F-19BD-41A8-9903-FCF5F8FB15AC}.Release|x86.Build.0 = Release|Any CPU
		{51FFB60F-19BD-41A8-9903-FCF5F8FB15AC}.WIN8|Any CPU.ActiveCfg = Release|Any CPU
		{51FFB60F-19BD-41A8-9903-FCF5F8FB15AC}.WIN8|Any CPU.Build.0 = Release|Any CPU
		{51FFB60F-19BD-41A8-9903-FCF5F8FB15AC}.WIN8|x86.ActiveCfg = Release|Any CPU
		{51FFB60F-19BD-41A8-9903-FCF5F8FB15AC}.WIN8|x86.Build.0 = Release|Any CPU
		{51FFB60F-19BD-41A8-9903-FCF5F8FB15AC}.x64|Any CPU.ActiveCfg = Release|Any CPU
		{51FFB60F-19BD-41A8-9903-FCF5F8FB15AC}.x64|Any CPU.Build.0 = Release|Any CPU
		{51FFB60F-19BD-41A8-9903-FCF5F8FB15AC}.x64|x86.ActiveCfg = Release|Any CPU
		{51FFB60F-19BD-41A8-9903-FCF5F8FB15AC}.x64|x86.Build.0 = Release|Any CPU
		{24BCBB14-5893-46FE-931C-A8E421A8A22D}.Debug|Any CPU.ActiveCfg = Debug|Any CPU
		{24BCBB14-5893-46FE-931C-A8E421A8A22D}.Debug|Any CPU.Build.0 = Debug|Any CPU
		{24BCBB14-5893-46FE-931C-A8E421A8A22D}.Debug|x86.ActiveCfg = Debug|Any CPU
		{24BCBB14-5893-46FE-931C-A8E421A8A22D}.Debug|x86.Build.0 = Debug|Any CPU
		{24BCBB14-5893-46FE-931C-A8E421A8A22D}.Release|Any CPU.ActiveCfg = Release|Any CPU
		{24BCBB14-5893-46FE-931C-A8E421A8A22D}.Release|Any CPU.Build.0 = Release|Any CPU
		{24BCBB14-5893-46FE-931C-A8E421A8A22D}.Release|x86.ActiveCfg = Release|Any CPU
		{24BCBB14-5893-46FE-931C-A8E421A8A22D}.Release|x86.Build.0 = Release|Any CPU
		{24BCBB14-5893-46FE-931C-A8E421A8A22D}.WIN8|Any CPU.ActiveCfg = Release|Any CPU
		{24BCBB14-5893-46FE-931C-A8E421A8A22D}.WIN8|Any CPU.Build.0 = Release|Any CPU
		{24BCBB14-5893-46FE-931C-A8E421A8A22D}.WIN8|x86.ActiveCfg = Release|Any CPU
		{24BCBB14-5893-46FE-931C-A8E421A8A22D}.WIN8|x86.Build.0 = Release|Any CPU
		{24BCBB14-5893-46FE-931C-A8E421A8A22D}.x64|Any CPU.ActiveCfg = Release|Any CPU
		{24BCBB14-5893-46FE-931C-A8E421A8A22D}.x64|Any CPU.Build.0 = Release|Any CPU
		{24BCBB14-5893-46FE-931C-A8E421A8A22D}.x64|x86.ActiveCfg = Release|Any CPU
		{24BCBB14-5893-46FE-931C-A8E421A8A22D}.x64|x86.Build.0 = Release|Any CPU
		{82FA4F28-133E-45E2-B118-4E4804C5D7B9}.Debug|Any CPU.ActiveCfg = Debug|Any CPU
		{82FA4F28-133E-45E2-B118-4E4804C5D7B9}.Debug|Any CPU.Build.0 = Debug|Any CPU
		{82FA4F28-133E-45E2-B118-4E4804C5D7B9}.Debug|x86.ActiveCfg = Debug|Any CPU
		{82FA4F28-133E-45E2-B118-4E4804C5D7B9}.Debug|x86.Build.0 = Debug|Any CPU
		{82FA4F28-133E-45E2-B118-4E4804C5D7B9}.Release|Any CPU.ActiveCfg = Release|Any CPU
		{82FA4F28-133E-45E2-B118-4E4804C5D7B9}.Release|Any CPU.Build.0 = Release|Any CPU
		{82FA4F28-133E-45E2-B118-4E4804C5D7B9}.Release|x86.ActiveCfg = Release|Any CPU
		{82FA4F28-133E-45E2-B118-4E4804C5D7B9}.Release|x86.Build.0 = Release|Any CPU
		{82FA4F28-133E-45E2-B118-4E4804C5D7B9}.WIN8|Any CPU.ActiveCfg = Release|Any CPU
		{82FA4F28-133E-45E2-B118-4E4804C5D7B9}.WIN8|Any CPU.Build.0 = Release|Any CPU
		{82FA4F28-133E-45E2-B118-4E4804C5D7B9}.WIN8|x86.ActiveCfg = Release|Any CPU
		{82FA4F28-133E-45E2-B118-4E4804C5D7B9}.WIN8|x86.Build.0 = Release|Any CPU
		{82FA4F28-133E-45E2-B118-4E4804C5D7B9}.x64|Any CPU.ActiveCfg = Release|Any CPU
		{82FA4F28-133E-45E2-B118-4E4804C5D7B9}.x64|Any CPU.Build.0 = Release|Any CPU
		{82FA4F28-133E-45E2-B118-4E4804C5D7B9}.x64|x86.ActiveCfg = Release|Any CPU
		{82FA4F28-133E-45E2-B118-4E4804C5D7B9}.x64|x86.Build.0 = Release|Any CPU
		{73802546-97CD-492D-875E-18AB50D1DF72}.Debug|Any CPU.ActiveCfg = Debug|Any CPU
		{73802546-97CD-492D-875E-18AB50D1DF72}.Debug|Any CPU.Build.0 = Debug|Any CPU
		{73802546-97CD-492D-875E-18AB50D1DF72}.Debug|x86.ActiveCfg = Debug|Any CPU
		{73802546-97CD-492D-875E-18AB50D1DF72}.Debug|x86.Build.0 = Debug|Any CPU
		{73802546-97CD-492D-875E-18AB50D1DF72}.Release|Any CPU.ActiveCfg = Release|Any CPU
		{73802546-97CD-492D-875E-18AB50D1DF72}.Release|Any CPU.Build.0 = Release|Any CPU
		{73802546-97CD-492D-875E-18AB50D1DF72}.Release|x86.ActiveCfg = Release|Any CPU
		{73802546-97CD-492D-875E-18AB50D1DF72}.Release|x86.Build.0 = Release|Any CPU
		{73802546-97CD-492D-875E-18AB50D1DF72}.WIN8|Any CPU.ActiveCfg = Release|Any CPU
		{73802546-97CD-492D-875E-18AB50D1DF72}.WIN8|Any CPU.Build.0 = Release|Any CPU
		{73802546-97CD-492D-875E-18AB50D1DF72}.WIN8|x86.ActiveCfg = Release|Any CPU
		{73802546-97CD-492D-875E-18AB50D1DF72}.WIN8|x86.Build.0 = Release|Any CPU
		{73802546-97CD-492D-875E-18AB50D1DF72}.x64|Any CPU.ActiveCfg = Release|Any CPU
		{73802546-97CD-492D-875E-18AB50D1DF72}.x64|Any CPU.Build.0 = Release|Any CPU
		{73802546-97CD-492D-875E-18AB50D1DF72}.x64|x86.ActiveCfg = Release|Any CPU
		{73802546-97CD-492D-875E-18AB50D1DF72}.x64|x86.Build.0 = Release|Any CPU
		{B963C433-6B1E-42D7-BFFE-202EDFEFC6AC}.Debug|Any CPU.ActiveCfg = Debug|Any CPU
		{B963C433-6B1E-42D7-BFFE-202EDFEFC6AC}.Debug|Any CPU.Build.0 = Debug|Any CPU
		{B963C433-6B1E-42D7-BFFE-202EDFEFC6AC}.Debug|x86.ActiveCfg = Debug|Any CPU
		{B963C433-6B1E-42D7-BFFE-202EDFEFC6AC}.Debug|x86.Build.0 = Debug|Any CPU
		{B963C433-6B1E-42D7-BFFE-202EDFEFC6AC}.Release|Any CPU.ActiveCfg = Release|Any CPU
		{B963C433-6B1E-42D7-BFFE-202EDFEFC6AC}.Release|Any CPU.Build.0 = Release|Any CPU
		{B963C433-6B1E-42D7-BFFE-202EDFEFC6AC}.Release|x86.ActiveCfg = Release|Any CPU
		{B963C433-6B1E-42D7-BFFE-202EDFEFC6AC}.Release|x86.Build.0 = Release|Any CPU
		{B963C433-6B1E-42D7-BFFE-202EDFEFC6AC}.WIN8|Any CPU.ActiveCfg = Release|Any CPU
		{B963C433-6B1E-42D7-BFFE-202EDFEFC6AC}.WIN8|Any CPU.Build.0 = Release|Any CPU
		{B963C433-6B1E-42D7-BFFE-202EDFEFC6AC}.WIN8|x86.ActiveCfg = Release|Any CPU
		{B963C433-6B1E-42D7-BFFE-202EDFEFC6AC}.WIN8|x86.Build.0 = Release|Any CPU
		{B963C433-6B1E-42D7-BFFE-202EDFEFC6AC}.x64|Any CPU.ActiveCfg = Release|Any CPU
		{B963C433-6B1E-42D7-BFFE-202EDFEFC6AC}.x64|Any CPU.Build.0 = Release|Any CPU
		{B963C433-6B1E-42D7-BFFE-202EDFEFC6AC}.x64|x86.ActiveCfg = Release|Any CPU
		{B963C433-6B1E-42D7-BFFE-202EDFEFC6AC}.x64|x86.Build.0 = Release|Any CPU
		{3C96473C-5833-4C56-852F-63E2B86FBD3F}.Debug|Any CPU.ActiveCfg = Debug|Any CPU
		{3C96473C-5833-4C56-852F-63E2B86FBD3F}.Debug|Any CPU.Build.0 = Debug|Any CPU
		{3C96473C-5833-4C56-852F-63E2B86FBD3F}.Debug|x86.ActiveCfg = Debug|Any CPU
		{3C96473C-5833-4C56-852F-63E2B86FBD3F}.Debug|x86.Build.0 = Debug|Any CPU
		{3C96473C-5833-4C56-852F-63E2B86FBD3F}.Release|Any CPU.ActiveCfg = Release|Any CPU
		{3C96473C-5833-4C56-852F-63E2B86FBD3F}.Release|Any CPU.Build.0 = Release|Any CPU
		{3C96473C-5833-4C56-852F-63E2B86FBD3F}.Release|x86.ActiveCfg = Release|Any CPU
		{3C96473C-5833-4C56-852F-63E2B86FBD3F}.Release|x86.Build.0 = Release|Any CPU
		{3C96473C-5833-4C56-852F-63E2B86FBD3F}.WIN8|Any CPU.ActiveCfg = Release|Any CPU
		{3C96473C-5833-4C56-852F-63E2B86FBD3F}.WIN8|Any CPU.Build.0 = Release|Any CPU
		{3C96473C-5833-4C56-852F-63E2B86FBD3F}.WIN8|x86.ActiveCfg = Release|Any CPU
		{3C96473C-5833-4C56-852F-63E2B86FBD3F}.WIN8|x86.Build.0 = Release|Any CPU
		{3C96473C-5833-4C56-852F-63E2B86FBD3F}.x64|Any CPU.ActiveCfg = Release|Any CPU
		{3C96473C-5833-4C56-852F-63E2B86FBD3F}.x64|Any CPU.Build.0 = Release|Any CPU
		{3C96473C-5833-4C56-852F-63E2B86FBD3F}.x64|x86.ActiveCfg = Release|Any CPU
		{3C96473C-5833-4C56-852F-63E2B86FBD3F}.x64|x86.Build.0 = Release|Any CPU
		{59243567-F5E5-48F3-8565-E65F2CD322FA}.Debug|Any CPU.ActiveCfg = Debug|Any CPU
		{59243567-F5E5-48F3-8565-E65F2CD322FA}.Debug|Any CPU.Build.0 = Debug|Any CPU
		{59243567-F5E5-48F3-8565-E65F2CD322FA}.Debug|x86.ActiveCfg = Debug|Any CPU
		{59243567-F5E5-48F3-8565-E65F2CD322FA}.Debug|x86.Build.0 = Debug|Any CPU
		{59243567-F5E5-48F3-8565-E65F2CD322FA}.Release|Any CPU.ActiveCfg = Release|Any CPU
		{59243567-F5E5-48F3-8565-E65F2CD322FA}.Release|Any CPU.Build.0 = Release|Any CPU
		{59243567-F5E5-48F3-8565-E65F2CD322FA}.Release|x86.ActiveCfg = Release|Any CPU
		{59243567-F5E5-48F3-8565-E65F2CD322FA}.Release|x86.Build.0 = Release|Any CPU
		{59243567-F5E5-48F3-8565-E65F2CD322FA}.WIN8|Any CPU.ActiveCfg = Release|Any CPU
		{59243567-F5E5-48F3-8565-E65F2CD322FA}.WIN8|Any CPU.Build.0 = Release|Any CPU
		{59243567-F5E5-48F3-8565-E65F2CD322FA}.WIN8|x86.ActiveCfg = Release|Any CPU
		{59243567-F5E5-48F3-8565-E65F2CD322FA}.WIN8|x86.Build.0 = Release|Any CPU
		{59243567-F5E5-48F3-8565-E65F2CD322FA}.x64|Any CPU.ActiveCfg = Release|Any CPU
		{59243567-F5E5-48F3-8565-E65F2CD322FA}.x64|Any CPU.Build.0 = Release|Any CPU
		{59243567-F5E5-48F3-8565-E65F2CD322FA}.x64|x86.ActiveCfg = Release|Any CPU
		{59243567-F5E5-48F3-8565-E65F2CD322FA}.x64|x86.Build.0 = Release|Any CPU
		{7455BDCD-0695-4F3D-8A41-4865E90530CF}.Debug|Any CPU.ActiveCfg = Debug|Any CPU
		{7455BDCD-0695-4F3D-8A41-4865E90530CF}.Debug|Any CPU.Build.0 = Debug|Any CPU
		{7455BDCD-0695-4F3D-8A41-4865E90530CF}.Debug|x86.ActiveCfg = Debug|Any CPU
		{7455BDCD-0695-4F3D-8A41-4865E90530CF}.Debug|x86.Build.0 = Debug|Any CPU
		{7455BDCD-0695-4F3D-8A41-4865E90530CF}.Release|Any CPU.ActiveCfg = Release|Any CPU
		{7455BDCD-0695-4F3D-8A41-4865E90530CF}.Release|Any CPU.Build.0 = Release|Any CPU
		{7455BDCD-0695-4F3D-8A41-4865E90530CF}.Release|x86.ActiveCfg = Release|Any CPU
		{7455BDCD-0695-4F3D-8A41-4865E90530CF}.Release|x86.Build.0 = Release|Any CPU
		{7455BDCD-0695-4F3D-8A41-4865E90530CF}.WIN8|Any CPU.ActiveCfg = Debug|Any CPU
		{7455BDCD-0695-4F3D-8A41-4865E90530CF}.WIN8|Any CPU.Build.0 = Debug|Any CPU
		{7455BDCD-0695-4F3D-8A41-4865E90530CF}.WIN8|x86.ActiveCfg = Debug|Any CPU
		{7455BDCD-0695-4F3D-8A41-4865E90530CF}.WIN8|x86.Build.0 = Debug|Any CPU
		{7455BDCD-0695-4F3D-8A41-4865E90530CF}.x64|Any CPU.ActiveCfg = Debug|Any CPU
		{7455BDCD-0695-4F3D-8A41-4865E90530CF}.x64|Any CPU.Build.0 = Debug|Any CPU
		{7455BDCD-0695-4F3D-8A41-4865E90530CF}.x64|x86.ActiveCfg = Debug|Any CPU
		{7455BDCD-0695-4F3D-8A41-4865E90530CF}.x64|x86.Build.0 = Debug|Any CPU
		{DCAA9DCE-B703-4A4D-8C0B-E64EB3D7B00A}.Debug|Any CPU.ActiveCfg = Debug|Any CPU
		{DCAA9DCE-B703-4A4D-8C0B-E64EB3D7B00A}.Debug|Any CPU.Build.0 = Debug|Any CPU
		{DCAA9DCE-B703-4A4D-8C0B-E64EB3D7B00A}.Debug|x86.ActiveCfg = Debug|Any CPU
		{DCAA9DCE-B703-4A4D-8C0B-E64EB3D7B00A}.Debug|x86.Build.0 = Debug|Any CPU
		{DCAA9DCE-B703-4A4D-8C0B-E64EB3D7B00A}.Release|Any CPU.ActiveCfg = Release|Any CPU
		{DCAA9DCE-B703-4A4D-8C0B-E64EB3D7B00A}.Release|Any CPU.Build.0 = Release|Any CPU
		{DCAA9DCE-B703-4A4D-8C0B-E64EB3D7B00A}.Release|x86.ActiveCfg = Release|Any CPU
		{DCAA9DCE-B703-4A4D-8C0B-E64EB3D7B00A}.Release|x86.Build.0 = Release|Any CPU
		{DCAA9DCE-B703-4A4D-8C0B-E64EB3D7B00A}.WIN8|Any CPU.ActiveCfg = Debug|Any CPU
		{DCAA9DCE-B703-4A4D-8C0B-E64EB3D7B00A}.WIN8|Any CPU.Build.0 = Debug|Any CPU
		{DCAA9DCE-B703-4A4D-8C0B-E64EB3D7B00A}.WIN8|x86.ActiveCfg = Debug|Any CPU
		{DCAA9DCE-B703-4A4D-8C0B-E64EB3D7B00A}.WIN8|x86.Build.0 = Debug|Any CPU
		{DCAA9DCE-B703-4A4D-8C0B-E64EB3D7B00A}.x64|Any CPU.ActiveCfg = Debug|Any CPU
		{DCAA9DCE-B703-4A4D-8C0B-E64EB3D7B00A}.x64|Any CPU.Build.0 = Debug|Any CPU
		{DCAA9DCE-B703-4A4D-8C0B-E64EB3D7B00A}.x64|x86.ActiveCfg = Debug|Any CPU
		{DCAA9DCE-B703-4A4D-8C0B-E64EB3D7B00A}.x64|x86.Build.0 = Debug|Any CPU
		{DC26A568-2926-4FD8-A439-A6FC8083F98B}.Debug|Any CPU.ActiveCfg = Debug|Any CPU
		{DC26A568-2926-4FD8-A439-A6FC8083F98B}.Debug|Any CPU.Build.0 = Debug|Any CPU
		{DC26A568-2926-4FD8-A439-A6FC8083F98B}.Debug|x86.ActiveCfg = Debug|Any CPU
		{DC26A568-2926-4FD8-A439-A6FC8083F98B}.Debug|x86.Build.0 = Debug|Any CPU
		{DC26A568-2926-4FD8-A439-A6FC8083F98B}.Release|Any CPU.ActiveCfg = Release|Any CPU
		{DC26A568-2926-4FD8-A439-A6FC8083F98B}.Release|Any CPU.Build.0 = Release|Any CPU
		{DC26A568-2926-4FD8-A439-A6FC8083F98B}.Release|x86.ActiveCfg = Release|Any CPU
		{DC26A568-2926-4FD8-A439-A6FC8083F98B}.Release|x86.Build.0 = Release|Any CPU
		{DC26A568-2926-4FD8-A439-A6FC8083F98B}.WIN8|Any CPU.ActiveCfg = Debug|Any CPU
		{DC26A568-2926-4FD8-A439-A6FC8083F98B}.WIN8|Any CPU.Build.0 = Debug|Any CPU
		{DC26A568-2926-4FD8-A439-A6FC8083F98B}.WIN8|x86.ActiveCfg = Debug|Any CPU
		{DC26A568-2926-4FD8-A439-A6FC8083F98B}.WIN8|x86.Build.0 = Debug|Any CPU
		{DC26A568-2926-4FD8-A439-A6FC8083F98B}.x64|Any CPU.ActiveCfg = Debug|Any CPU
		{DC26A568-2926-4FD8-A439-A6FC8083F98B}.x64|Any CPU.Build.0 = Debug|Any CPU
		{DC26A568-2926-4FD8-A439-A6FC8083F98B}.x64|x86.ActiveCfg = Debug|Any CPU
		{DC26A568-2926-4FD8-A439-A6FC8083F98B}.x64|x86.Build.0 = Debug|Any CPU
		{B509B659-F44E-44AD-8731-9A1125E8A2E7}.Debug|Any CPU.ActiveCfg = Debug|Any CPU
		{B509B659-F44E-44AD-8731-9A1125E8A2E7}.Debug|Any CPU.Build.0 = Debug|Any CPU
		{B509B659-F44E-44AD-8731-9A1125E8A2E7}.Debug|x86.ActiveCfg = Debug|Any CPU
		{B509B659-F44E-44AD-8731-9A1125E8A2E7}.Debug|x86.Build.0 = Debug|Any CPU
		{B509B659-F44E-44AD-8731-9A1125E8A2E7}.Release|Any CPU.ActiveCfg = Release|Any CPU
		{B509B659-F44E-44AD-8731-9A1125E8A2E7}.Release|Any CPU.Build.0 = Release|Any CPU
		{B509B659-F44E-44AD-8731-9A1125E8A2E7}.Release|x86.ActiveCfg = Release|Any CPU
		{B509B659-F44E-44AD-8731-9A1125E8A2E7}.Release|x86.Build.0 = Release|Any CPU
		{B509B659-F44E-44AD-8731-9A1125E8A2E7}.WIN8|Any CPU.ActiveCfg = Release|Any CPU
		{B509B659-F44E-44AD-8731-9A1125E8A2E7}.WIN8|Any CPU.Build.0 = Release|Any CPU
		{B509B659-F44E-44AD-8731-9A1125E8A2E7}.WIN8|x86.ActiveCfg = Release|Any CPU
		{B509B659-F44E-44AD-8731-9A1125E8A2E7}.WIN8|x86.Build.0 = Release|Any CPU
		{B509B659-F44E-44AD-8731-9A1125E8A2E7}.x64|Any CPU.ActiveCfg = Release|Any CPU
		{B509B659-F44E-44AD-8731-9A1125E8A2E7}.x64|Any CPU.Build.0 = Release|Any CPU
		{B509B659-F44E-44AD-8731-9A1125E8A2E7}.x64|x86.ActiveCfg = Release|Any CPU
		{B509B659-F44E-44AD-8731-9A1125E8A2E7}.x64|x86.Build.0 = Release|Any CPU
	EndGlobalSection
	GlobalSection(SolutionProperties) = preSolution
		HideSolutionNode = FALSE
	EndGlobalSection
	GlobalSection(ExtensibilityGlobals) = postSolution
		SolutionGuid = {BEFC70CF-8207-4A1A-B0E5-5783E2476876}
	EndGlobalSection
EndGlobal
