
Microsoft Visual Studio Solution File, Format Version 12.00
# Visual Studio Version 16
VisualStudioVersion = 16.0.31729.503
MinimumVisualStudioVersion = 10.0.40219.1
Project("{FAE04EC0-301F-11D3-BF4B-00C04F79EFBC}") = "PureVPN.Core", "PureVPN.Core\PureVPN.Core.csproj", "{7455BDCD-0695-4F3D-8A41-4865E90530CF}"
EndProject
Global
	GlobalSection(SolutionConfigurationPlatforms) = preSolution
		Debug|Any CPU = Debug|Any CPU
		Release|Any CPU = Release|Any CPU
	EndGlobalSection
	GlobalSection(ProjectConfigurationPlatforms) = postSolution
		{7455BDCD-0695-4F3D-8A41-4865E90530CF}.Debug|Any CPU.ActiveCfg = Debug|Any CPU
		{7455BDCD-0695-4F3D-8A41-4865E90530CF}.Debug|Any CPU.Build.0 = Debug|Any CPU
		{7455BDCD-0695-4F3D-8A41-4865E90530CF}.Release|Any CPU.ActiveCfg = Release|Any CPU
		{7455BDCD-0695-4F3D-8A41-4865E90530CF}.Release|Any CPU.Build.0 = Release|Any CPU
	EndGlobalSection
	GlobalSection(SolutionProperties) = preSolution
		HideSolutionNode = FALSE
	EndGlobalSection
	GlobalSection(ExtensibilityGlobals) = postSolution
		SolutionGuid = {C8F0C52F-A631-4607-8E3C-F197AABDB626}
	EndGlobalSection
EndGlobal
